<?xml version="1.0" encoding="utf-8"?>
<Project ToolsVersion="4.0" xmlns="http://schemas.microsoft.com/developer/msbuild/2003">
  <ItemGroup>
    <Filter Include="Lib">
      <UniqueIdentifier>{1C04880B-880D-887C-1189-9E7C7D91937C}</UniqueIdentifier>
    </Filter>
    <Filter Include="Src">
      <UniqueIdentifier>{0D23880B-792C-887C-02A8-9E7C6EB0937C}</UniqueIdentifier>
    </Filter>
  </ItemGroup>
  <ItemGroup>
    <ClInclude Include="Projects\App\Lib\TriangleApp.h">
      <Filter>Lib</Filter>
    </ClInclude>
  </ItemGroup>
  <ItemGroup>
    <ClCompile Include="Projects\App\Src\TriangleApp.cpp">
      <Filter>Src</Filter>
    </ClCompile>
    <ClCompile Include="Projects\App\Src\main.cpp">
      <Filter>Src</Filter>
    </ClCompile>
  </ItemGroup>
</Project>