<?xml version="1.0" encoding="utf-8"?>
<Project ToolsVersion="4.0" xmlns="http://schemas.microsoft.com/developer/msbuild/2003">
  <ItemGroup>
    <Filter Include="Src">
      <UniqueIdentifier>{0D23880B-792C-887C-02A8-9E7C6EB0937C}</UniqueIdentifier>
    </Filter>
    <Filter Include="lib">
      <UniqueIdentifier>{3C8C880B-A895-887C-3111-9F7C9D19947C}</UniqueIdentifier>
    </Filter>
  </ItemGroup>
  <ItemGroup>
    <ClInclude Include="Projects\PuduCore\lib\Logger.h">
      <Filter>lib</Filter>
    </ClInclude>
    <ClInclude Include="Projects\PuduCore\lib\PuduGlobals.h">
      <Filter>lib</Filter>
    </ClInclude>
    <ClInclude Include="Projects\PuduCore\lib\Frame.h">
      <Filter>lib</Filter>
    </ClInclude>
    <ClInclude Include="Projects\PuduCore\lib\PuduApp.h">
      <Filter>lib</Filter>
    </ClInclude>
    <ClInclude Include="Projects\PuduCore\lib\PuduGraphics.h">
      <Filter>lib</Filter>
    </ClInclude>
    <ClInclude Include="WindowApp.h">
      <Filter>lib</Filter>
    </ClInclude>
  </ItemGroup>
  <ItemGroup>
    <ClCompile Include="Projects\PuduCore\Src\FileManager.h">
      <Filter>lib</Filter>
    </ClCompile>
    <ClCompile Include="Projects\PuduCore\Src\PuduGraphics.cpp">
      <Filter>Src</Filter>
    </ClCompile>
    <ClCompile Include="Projects\PuduCore\Src\PuduApp.cpp">
      <Filter>Src</Filter>
    </ClCompile>
  </ItemGroup>
</Project>