<?xml version="1.0" encoding="utf-8"?>
<Project ToolsVersion="17.0" xmlns="http://schemas.microsoft.com/developer/msbuild/2003">
  <ItemGroup>
    <CustomBuild Include="D:\Documents\Repos\PuduRenderer\lib\fastgltf\CMakeFiles\369e6badc39e56a9f43fd0e781c67d91\INSTALL_force.rule">
      <Filter>CMake Rules</Filter>
    </CustomBuild>
  </ItemGroup>
  <ItemGroup>
    <Filter Include="CMake Rules">
      <UniqueIdentifier>{D896FEEA-E818-3A6F-A8EA-56B96396FB2A}</UniqueIdentifier>
    </Filter>
  </ItemGroup>
</Project>
